
Microsoft Visual Studio Solution File, Format Version 12.00
# Visual Studio Version 16
VisualStudioVersion = 16.0.31605.320
MinimumVisualStudioVersion = 10.0.40219.1
Project("{FAE04EC0-301F-11D3-BF4B-00C04F79EFBC}") = "XRCrossTabSample", "XRCrossTabSample\XRCrossTabSample.csproj", "{0EDB1043-B265-4E49-AA4E-54F856EA9087}"
EndProject
Global
	GlobalSection(SolutionConfigurationPlatforms) = preSolution
		Debug|Any CPU = Debug|Any CPU
		Release|Any CPU = Release|Any CPU
	EndGlobalSection
	GlobalSection(ProjectConfigurationPlatforms) = postSolution
		{0EDB1043-B265-4E49-AA4E-54F856EA9087}.Debug|Any CPU.ActiveCfg = Debug|Any CPU
		{0EDB1043-B265-4E49-AA4E-54F856EA9087}.Debug|Any CPU.Build.0 = Debug|Any CPU
		{0EDB1043-B265-4E49-AA4E-54F856EA9087}.Release|Any CPU.ActiveCfg = Release|Any CPU
		{0EDB1043-B265-4E49-AA4E-54F856EA9087}.Release|Any CPU.Build.0 = Release|Any CPU
	EndGlobalSection
	GlobalSection(SolutionProperties) = preSolution
		HideSolutionNode = FALSE
	EndGlobalSection
	GlobalSection(ExtensibilityGlobals) = postSolution
		SolutionGuid = {ECB6CF53-823E-4D46-9F58-990BADF08B8F}
	EndGlobalSection
EndGlobal
